{
  "version": "3",
  "packages": {
    "specifiers": {
      "jsr:@kwj/algorithm-x@^0.2.1": "jsr:@kwj/algorithm-x@0.2.1"
    },
    "jsr": {
      "@kwj/algorithm-x@0.2.1": {
        "integrity": "5d31a5142626e07d4a9ed2d5202ec69296e898d9090d61824535091975d7a218"
      }
    }
  },
  "remote": {},
  "workspace": {
    "dependencies": [
      "jsr:@kwj/algorithm-x@^0.2.1",
      "jsr:@std/assert@^0.225.1"
    ]
  }
}
